// !$*UTF8*$!
{
	archiveVersion = 1;
	classes = {
	};
	objectVersion = 46;
	objects = {

/* Begin PBXBuildFile section */
		09109EAF18831C7F0028FF86 /* Foundation.framework in Frameworks */ = {isa = PBXBuildFile; fileRef = 09109EAE18831C7F0028FF86 /* Foundation.framework */; };
		09109EB118831C7F0028FF86 /* CoreGraphics.framework in Frameworks */ = {isa = PBXBuildFile; fileRef = 09109EB018831C7F0028FF86 /* CoreGraphics.framework */; };
		09109EB318831C7F0028FF86 /* UIKit.framework in Frameworks */ = {isa = PBXBuildFile; fileRef = 09109EB218831C7F0028FF86 /* UIKit.framework */; };
		09109EB918831C7F0028FF86 /* InfoPlist.strings in Resources */ = {isa = PBXBuildFile; fileRef = 09109EB718831C7F0028FF86 /* InfoPlist.strings */; };
		09109EBB18831C7F0028FF86 /* main.m in Sources */ = {isa = PBXBuildFile; fileRef = 09109EBA18831C7F0028FF86 /* main.m */; };
		09109EBF18831C7F0028FF86 /* AppDelegate.m in Sources */ = {isa = PBXBuildFile; fileRef = 09109EBE18831C7F0028FF86 /* AppDelegate.m */; };
		09109EC118831C7F0028FF86 /* Images.xcassets in Resources */ = {isa = PBXBuildFile; fileRef = 09109EC018831C7F0028FF86 /* Images.xcassets */; };
		09109EC818831C7F0028FF86 /* XCTest.framework in Frameworks */ = {isa = PBXBuildFile; fileRef = 09109EC718831C7F0028FF86 /* XCTest.framework */; };
		09109EC918831C7F0028FF86 /* Foundation.framework in Frameworks */ = {isa = PBXBuildFile; fileRef = 09109EAE18831C7F0028FF86 /* Foundation.framework */; };
		09109ECA18831C7F0028FF86 /* UIKit.framework in Frameworks */ = {isa = PBXBuildFile; fileRef = 09109EB218831C7F0028FF86 /* UIKit.framework */; };
		09109ED218831C7F0028FF86 /* InfoPlist.strings in Resources */ = {isa = PBXBuildFile; fileRef = 09109ED018831C7F0028FF86 /* InfoPlist.strings */; };
		09109ED418831C7F0028FF86 /* ClassWireTests.m in Sources */ = {isa = PBXBuildFile; fileRef = 09109ED318831C7F0028FF86 /* ClassWireTests.m */; };
		09109EF3188331C70028FF86 /* ErrorHandle.m in Sources */ = {isa = PBXBuildFile; fileRef = 09109EF2188331C70028FF86 /* ErrorHandle.m */; };
		FA7476AA1884A2D6005EA187 /* CoursesViewController.m in Sources */ = {isa = PBXBuildFile; fileRef = FA7476891884A2D6005EA187 /* CoursesViewController.m */; };
		FA7476AB1884A2D6005EA187 /* CoursesViewController.xib in Resources */ = {isa = PBXBuildFile; fileRef = FA74768A1884A2D6005EA187 /* CoursesViewController.xib */; };
		FA7476AE1884A2D6005EA187 /* LoginViewController.m in Sources */ = {isa = PBXBuildFile; fileRef = FA7476911884A2D6005EA187 /* LoginViewController.m */; };
		FA7476AF1884A2D6005EA187 /* LoginViewController.xib in Resources */ = {isa = PBXBuildFile; fileRef = FA7476921884A2D6005EA187 /* LoginViewController.xib */; };
		FA7476B01884A2D6005EA187 /* SignUpViewController.m in Sources */ = {isa = PBXBuildFile; fileRef = FA7476941884A2D6005EA187 /* SignUpViewController.m */; };
		FA7476B11884A2D6005EA187 /* SignUpViewController.xib in Resources */ = {isa = PBXBuildFile; fileRef = FA7476951884A2D6005EA187 /* SignUpViewController.xib */; };
		FA7476B21884A2D6005EA187 /* MessagesViewController.m in Sources */ = {isa = PBXBuildFile; fileRef = FA7476981884A2D6005EA187 /* MessagesViewController.m */; };
		FA7476B31884A2D6005EA187 /* MessagesViewController.xib in Resources */ = {isa = PBXBuildFile; fileRef = FA7476991884A2D6005EA187 /* MessagesViewController.xib */; };
		FA7476B41884A2D6005EA187 /* MoreViewController.m in Sources */ = {isa = PBXBuildFile; fileRef = FA74769C1884A2D6005EA187 /* MoreViewController.m */; };
		FA7476B51884A2D6005EA187 /* MoreViewController.xib in Resources */ = {isa = PBXBuildFile; fileRef = FA74769D1884A2D6005EA187 /* MoreViewController.xib */; };
		FA7476B61884A2D6005EA187 /* NewsFeedViewController.m in Sources */ = {isa = PBXBuildFile; fileRef = FA7476A01884A2D6005EA187 /* NewsFeedViewController.m */; };
		FA7476B71884A2D6005EA187 /* NewsFeedViewController.xib in Resources */ = {isa = PBXBuildFile; fileRef = FA7476A11884A2D6005EA187 /* NewsFeedViewController.xib */; };
		FA7476B81884A2D6005EA187 /* NotificationsViewController.m in Sources */ = {isa = PBXBuildFile; fileRef = FA7476A41884A2D6005EA187 /* NotificationsViewController.m */; };
		FA7476B91884A2D6005EA187 /* NotificationsViewController.xib in Resources */ = {isa = PBXBuildFile; fileRef = FA7476A51884A2D6005EA187 /* NotificationsViewController.xib */; };
/* End PBXBuildFile section */

/* Begin PBXContainerItemProxy section */
		09109ECB18831C7F0028FF86 /* PBXContainerItemProxy */ = {
			isa = PBXContainerItemProxy;
			containerPortal = 09109EA318831C7F0028FF86 /* Project object */;
			proxyType = 1;
			remoteGlobalIDString = 09109EAA18831C7F0028FF86;
			remoteInfo = ClassWire;
		};
/* End PBXContainerItemProxy section */

/* Begin PBXFileReference section */
		09109EAB18831C7F0028FF86 /* ClassWire.app */ = {isa = PBXFileReference; explicitFileType = wrapper.application; includeInIndex = 0; path = ClassWire.app; sourceTree = BUILT_PRODUCTS_DIR; };
		09109EAE18831C7F0028FF86 /* Foundation.framework */ = {isa = PBXFileReference; lastKnownFileType = wrapper.framework; name = Foundation.framework; path = System/Library/Frameworks/Foundation.framework; sourceTree = SDKROOT; };
		09109EB018831C7F0028FF86 /* CoreGraphics.framework */ = {isa = PBXFileReference; lastKnownFileType = wrapper.framework; name = CoreGraphics.framework; path = System/Library/Frameworks/CoreGraphics.framework; sourceTree = SDKROOT; };
		09109EB218831C7F0028FF86 /* UIKit.framework */ = {isa = PBXFileReference; lastKnownFileType = wrapper.framework; name = UIKit.framework; path = System/Library/Frameworks/UIKit.framework; sourceTree = SDKROOT; };
		09109EB618831C7F0028FF86 /* ClassWire-Info.plist */ = {isa = PBXFileReference; lastKnownFileType = text.plist.xml; path = "ClassWire-Info.plist"; sourceTree = "<group>"; };
		09109EB818831C7F0028FF86 /* en */ = {isa = PBXFileReference; lastKnownFileType = text.plist.strings; name = en; path = en.lproj/InfoPlist.strings; sourceTree = "<group>"; };
		09109EBA18831C7F0028FF86 /* main.m */ = {isa = PBXFileReference; lastKnownFileType = sourcecode.c.objc; path = main.m; sourceTree = "<group>"; };
		09109EBC18831C7F0028FF86 /* ClassWire-Prefix.pch */ = {isa = PBXFileReference; lastKnownFileType = sourcecode.c.h; path = "ClassWire-Prefix.pch"; sourceTree = "<group>"; };
		09109EBD18831C7F0028FF86 /* AppDelegate.h */ = {isa = PBXFileReference; lastKnownFileType = sourcecode.c.h; path = AppDelegate.h; sourceTree = "<group>"; };
		09109EBE18831C7F0028FF86 /* AppDelegate.m */ = {isa = PBXFileReference; lastKnownFileType = sourcecode.c.objc; path = AppDelegate.m; sourceTree = "<group>"; };
		09109EC018831C7F0028FF86 /* Images.xcassets */ = {isa = PBXFileReference; lastKnownFileType = folder.assetcatalog; path = Images.xcassets; sourceTree = "<group>"; };
		09109EC618831C7F0028FF86 /* ClassWireTests.xctest */ = {isa = PBXFileReference; explicitFileType = wrapper.cfbundle; includeInIndex = 0; path = ClassWireTests.xctest; sourceTree = BUILT_PRODUCTS_DIR; };
		09109EC718831C7F0028FF86 /* XCTest.framework */ = {isa = PBXFileReference; lastKnownFileType = wrapper.framework; name = XCTest.framework; path = Library/Frameworks/XCTest.framework; sourceTree = DEVELOPER_DIR; };
		09109ECF18831C7F0028FF86 /* ClassWireTests-Info.plist */ = {isa = PBXFileReference; lastKnownFileType = text.plist.xml; path = "ClassWireTests-Info.plist"; sourceTree = "<group>"; };
		09109ED118831C7F0028FF86 /* en */ = {isa = PBXFileReference; lastKnownFileType = text.plist.strings; name = en; path = en.lproj/InfoPlist.strings; sourceTree = "<group>"; };
		09109ED318831C7F0028FF86 /* ClassWireTests.m */ = {isa = PBXFileReference; lastKnownFileType = sourcecode.c.objc; path = ClassWireTests.m; sourceTree = "<group>"; };
		09109EF1188331C70028FF86 /* ErrorHandle.h */ = {isa = PBXFileReference; fileEncoding = 4; lastKnownFileType = sourcecode.c.h; path = ErrorHandle.h; sourceTree = "<group>"; };
		09109EF2188331C70028FF86 /* ErrorHandle.m */ = {isa = PBXFileReference; fileEncoding = 4; lastKnownFileType = sourcecode.c.objc; path = ErrorHandle.m; sourceTree = "<group>"; };
		FA7476881884A2D6005EA187 /* CoursesViewController.h */ = {isa = PBXFileReference; fileEncoding = 4; lastKnownFileType = sourcecode.c.h; path = CoursesViewController.h; sourceTree = "<group>"; };
		FA7476891884A2D6005EA187 /* CoursesViewController.m */ = {isa = PBXFileReference; fileEncoding = 4; lastKnownFileType = sourcecode.c.objc; path = CoursesViewController.m; sourceTree = "<group>"; };
		FA74768A1884A2D6005EA187 /* CoursesViewController.xib */ = {isa = PBXFileReference; fileEncoding = 4; lastKnownFileType = file.xib; path = CoursesViewController.xib; sourceTree = "<group>"; };
		FA7476901884A2D6005EA187 /* LoginViewController.h */ = {isa = PBXFileReference; fileEncoding = 4; lastKnownFileType = sourcecode.c.h; path = LoginViewController.h; sourceTree = "<group>"; };
		FA7476911884A2D6005EA187 /* LoginViewController.m */ = {isa = PBXFileReference; fileEncoding = 4; lastKnownFileType = sourcecode.c.objc; path = LoginViewController.m; sourceTree = "<group>"; };
		FA7476921884A2D6005EA187 /* LoginViewController.xib */ = {isa = PBXFileReference; fileEncoding = 4; lastKnownFileType = file.xib; path = LoginViewController.xib; sourceTree = "<group>"; };
		FA7476931884A2D6005EA187 /* SignUpViewController.h */ = {isa = PBXFileReference; fileEncoding = 4; lastKnownFileType = sourcecode.c.h; path = SignUpViewController.h; sourceTree = "<group>"; };
		FA7476941884A2D6005EA187 /* SignUpViewController.m */ = {isa = PBXFileReference; fileEncoding = 4; lastKnownFileType = sourcecode.c.objc; path = SignUpViewController.m; sourceTree = "<group>"; };
		FA7476951884A2D6005EA187 /* SignUpViewController.xib */ = {isa = PBXFileReference; fileEncoding = 4; lastKnownFileType = file.xib; path = SignUpViewController.xib; sourceTree = "<group>"; };
		FA7476971884A2D6005EA187 /* MessagesViewController.h */ = {isa = PBXFileReference; fileEncoding = 4; lastKnownFileType = sourcecode.c.h; path = MessagesViewController.h; sourceTree = "<group>"; };
		FA7476981884A2D6005EA187 /* MessagesViewController.m */ = {isa = PBXFileReference; fileEncoding = 4; lastKnownFileType = sourcecode.c.objc; path = MessagesViewController.m; sourceTree = "<group>"; };
		FA7476991884A2D6005EA187 /* MessagesViewController.xib */ = {isa = PBXFileReference; fileEncoding = 4; lastKnownFileType = file.xib; path = MessagesViewController.xib; sourceTree = "<group>"; };
		FA74769B1884A2D6005EA187 /* MoreViewController.h */ = {isa = PBXFileReference; fileEncoding = 4; lastKnownFileType = sourcecode.c.h; path = MoreViewController.h; sourceTree = "<group>"; };
		FA74769C1884A2D6005EA187 /* MoreViewController.m */ = {isa = PBXFileReference; fileEncoding = 4; lastKnownFileType = sourcecode.c.objc; path = MoreViewController.m; sourceTree = "<group>"; };
		FA74769D1884A2D6005EA187 /* MoreViewController.xib */ = {isa = PBXFileReference; fileEncoding = 4; lastKnownFileType = file.xib; path = MoreViewController.xib; sourceTree = "<group>"; };
		FA74769F1884A2D6005EA187 /* NewsFeedViewController.h */ = {isa = PBXFileReference; fileEncoding = 4; lastKnownFileType = sourcecode.c.h; path = NewsFeedViewController.h; sourceTree = "<group>"; };
		FA7476A01884A2D6005EA187 /* NewsFeedViewController.m */ = {isa = PBXFileReference; fileEncoding = 4; lastKnownFileType = sourcecode.c.objc; path = NewsFeedViewController.m; sourceTree = "<group>"; };
		FA7476A11884A2D6005EA187 /* NewsFeedViewController.xib */ = {isa = PBXFileReference; fileEncoding = 4; lastKnownFileType = file.xib; path = NewsFeedViewController.xib; sourceTree = "<group>"; };
		FA7476A31884A2D6005EA187 /* NotificationsViewController.h */ = {isa = PBXFileReference; fileEncoding = 4; lastKnownFileType = sourcecode.c.h; path = NotificationsViewController.h; sourceTree = "<group>"; };
		FA7476A41884A2D6005EA187 /* NotificationsViewController.m */ = {isa = PBXFileReference; fileEncoding = 4; lastKnownFileType = sourcecode.c.objc; path = NotificationsViewController.m; sourceTree = "<group>"; };
		FA7476A51884A2D6005EA187 /* NotificationsViewController.xib */ = {isa = PBXFileReference; fileEncoding = 4; lastKnownFileType = file.xib; path = NotificationsViewController.xib; sourceTree = "<group>"; };
/* End PBXFileReference section */

/* Begin PBXFrameworksBuildPhase section */
		09109EA818831C7F0028FF86 /* Frameworks */ = {
			isa = PBXFrameworksBuildPhase;
			buildActionMask = 2147483647;
			files = (
				09109EB118831C7F0028FF86 /* CoreGraphics.framework in Frameworks */,
				09109EB318831C7F0028FF86 /* UIKit.framework in Frameworks */,
				09109EAF18831C7F0028FF86 /* Foundation.framework in Frameworks */,
			);
			runOnlyForDeploymentPostprocessing = 0;
		};
		09109EC318831C7F0028FF86 /* Frameworks */ = {
			isa = PBXFrameworksBuildPhase;
			buildActionMask = 2147483647;
			files = (
				09109EC818831C7F0028FF86 /* XCTest.framework in Frameworks */,
				09109ECA18831C7F0028FF86 /* UIKit.framework in Frameworks */,
				09109EC918831C7F0028FF86 /* Foundation.framework in Frameworks */,
			);
			runOnlyForDeploymentPostprocessing = 0;
		};
/* End PBXFrameworksBuildPhase section */

/* Begin PBXGroup section */
		09109EA218831C7F0028FF86 = {
			isa = PBXGroup;
			children = (
				09109EB418831C7F0028FF86 /* ClassWire */,
				09109ECD18831C7F0028FF86 /* ClassWireTests */,
				09109EAD18831C7F0028FF86 /* Frameworks */,
				09109EAC18831C7F0028FF86 /* Products */,
			);
			sourceTree = "<group>";
		};
		09109EAC18831C7F0028FF86 /* Products */ = {
			isa = PBXGroup;
			children = (
				09109EAB18831C7F0028FF86 /* ClassWire.app */,
				09109EC618831C7F0028FF86 /* ClassWireTests.xctest */,
			);
			name = Products;
			sourceTree = "<group>";
		};
		09109EAD18831C7F0028FF86 /* Frameworks */ = {
			isa = PBXGroup;
			children = (
				09109EAE18831C7F0028FF86 /* Foundation.framework */,
				09109EB018831C7F0028FF86 /* CoreGraphics.framework */,
				09109EB218831C7F0028FF86 /* UIKit.framework */,
				09109EC718831C7F0028FF86 /* XCTest.framework */,
			);
			name = Frameworks;
			sourceTree = "<group>";
		};
		09109EB418831C7F0028FF86 /* ClassWire */ = {
			isa = PBXGroup;
			children = (
				09109EBD18831C7F0028FF86 /* AppDelegate.h */,
				09109EBE18831C7F0028FF86 /* AppDelegate.m */,
				09109EF1188331C70028FF86 /* ErrorHandle.h */,
				09109EF2188331C70028FF86 /* ErrorHandle.m */,
				FA7476861884A2D6005EA187 /* src */,
				09109EC018831C7F0028FF86 /* Images.xcassets */,
				09109EB518831C7F0028FF86 /* Supporting Files */,
			);
			path = ClassWire;
			sourceTree = "<group>";
		};
		09109EB518831C7F0028FF86 /* Supporting Files */ = {
			isa = PBXGroup;
			children = (
				09109EB618831C7F0028FF86 /* ClassWire-Info.plist */,
				09109EB718831C7F0028FF86 /* InfoPlist.strings */,
				09109EBA18831C7F0028FF86 /* main.m */,
				09109EBC18831C7F0028FF86 /* ClassWire-Prefix.pch */,
			);
			name = "Supporting Files";
			sourceTree = "<group>";
		};
		09109ECD18831C7F0028FF86 /* ClassWireTests */ = {
			isa = PBXGroup;
			children = (
				09109ED318831C7F0028FF86 /* ClassWireTests.m */,
				09109ECE18831C7F0028FF86 /* Supporting Files */,
			);
			path = ClassWireTests;
			sourceTree = "<group>";
		};
		09109ECE18831C7F0028FF86 /* Supporting Files */ = {
			isa = PBXGroup;
			children = (
				09109ECF18831C7F0028FF86 /* ClassWireTests-Info.plist */,
				09109ED018831C7F0028FF86 /* InfoPlist.strings */,
			);
			name = "Supporting Files";
			sourceTree = "<group>";
		};
		FA7476861884A2D6005EA187 /* src */ = {
			isa = PBXGroup;
			children = (
				FA74768F1884A2D6005EA187 /* Login:Signup */,
				FA7476871884A2D6005EA187 /* Courses */,
				FA7476961884A2D6005EA187 /* Messages */,
				FA74769E1884A2D6005EA187 /* News Feed */,
				FA7476A21884A2D6005EA187 /* Notifications */,
				FA74769A1884A2D6005EA187 /* More */,
			);
			path = src;
			sourceTree = "<group>";
		};
		FA7476871884A2D6005EA187 /* Courses */ = {
			isa = PBXGroup;
			children = (
				FA7476881884A2D6005EA187 /* CoursesViewController.h */,
				FA7476891884A2D6005EA187 /* CoursesViewController.m */,
				FA74768A1884A2D6005EA187 /* CoursesViewController.xib */,
			);
			path = Courses;
			sourceTree = "<group>";
		};
		FA74768F1884A2D6005EA187 /* Login:Signup */ = {
			isa = PBXGroup;
			children = (
				FA7476901884A2D6005EA187 /* LoginViewController.h */,
				FA7476911884A2D6005EA187 /* LoginViewController.m */,
				FA7476921884A2D6005EA187 /* LoginViewController.xib */,
				FA7476931884A2D6005EA187 /* SignUpViewController.h */,
				FA7476941884A2D6005EA187 /* SignUpViewController.m */,
				FA7476951884A2D6005EA187 /* SignUpViewController.xib */,
			);
			path = "Login:Signup";
			sourceTree = "<group>";
		};
		FA7476961884A2D6005EA187 /* Messages */ = {
			isa = PBXGroup;
			children = (
				FA7476971884A2D6005EA187 /* MessagesViewController.h */,
				FA7476981884A2D6005EA187 /* MessagesViewController.m */,
				FA7476991884A2D6005EA187 /* MessagesViewController.xib */,
			);
			path = Messages;
			sourceTree = "<group>";
		};
		FA74769A1884A2D6005EA187 /* More */ = {
			isa = PBXGroup;
			children = (
				FA74769B1884A2D6005EA187 /* MoreViewController.h */,
				FA74769C1884A2D6005EA187 /* MoreViewController.m */,
				FA74769D1884A2D6005EA187 /* MoreViewController.xib */,
			);
			path = More;
			sourceTree = "<group>";
		};
		FA74769E1884A2D6005EA187 /* News Feed */ = {
			isa = PBXGroup;
			children = (
				FA74769F1884A2D6005EA187 /* NewsFeedViewController.h */,
				FA7476A01884A2D6005EA187 /* NewsFeedViewController.m */,
				FA7476A11884A2D6005EA187 /* NewsFeedViewController.xib */,
			);
			path = "News Feed";
			sourceTree = "<group>";
		};
		FA7476A21884A2D6005EA187 /* Notifications */ = {
			isa = PBXGroup;
			children = (
				FA7476A31884A2D6005EA187 /* NotificationsViewController.h */,
				FA7476A41884A2D6005EA187 /* NotificationsViewController.m */,
				FA7476A51884A2D6005EA187 /* NotificationsViewController.xib */,
			);
			path = Notifications;
			sourceTree = "<group>";
		};
/* End PBXGroup section */

/* Begin PBXNativeTarget section */
		09109EAA18831C7F0028FF86 /* ClassWire */ = {
			isa = PBXNativeTarget;
			buildConfigurationList = 09109ED718831C7F0028FF86 /* Build configuration list for PBXNativeTarget "ClassWire" */;
			buildPhases = (
				09109EA718831C7F0028FF86 /* Sources */,
				09109EA818831C7F0028FF86 /* Frameworks */,
				09109EA918831C7F0028FF86 /* Resources */,
			);
			buildRules = (
			);
			dependencies = (
			);
			name = ClassWire;
			productName = ClassWire;
			productReference = 09109EAB18831C7F0028FF86 /* ClassWire.app */;
			productType = "com.apple.product-type.application";
		};
		09109EC518831C7F0028FF86 /* ClassWireTests */ = {
			isa = PBXNativeTarget;
			buildConfigurationList = 09109EDA18831C7F0028FF86 /* Build configuration list for PBXNativeTarget "ClassWireTests" */;
			buildPhases = (
				09109EC218831C7F0028FF86 /* Sources */,
				09109EC318831C7F0028FF86 /* Frameworks */,
				09109EC418831C7F0028FF86 /* Resources */,
			);
			buildRules = (
			);
			dependencies = (
				09109ECC18831C7F0028FF86 /* PBXTargetDependency */,
			);
			name = ClassWireTests;
			productName = ClassWireTests;
			productReference = 09109EC618831C7F0028FF86 /* ClassWireTests.xctest */;
			productType = "com.apple.product-type.bundle.unit-test";
		};
/* End PBXNativeTarget section */

/* Begin PBXProject section */
		09109EA318831C7F0028FF86 /* Project object */ = {
			isa = PBXProject;
			attributes = {
				LastUpgradeCheck = 0500;
				ORGANIZATIONNAME = "ClassWire INC.";
				TargetAttributes = {
					09109EC518831C7F0028FF86 = {
						TestTargetID = 09109EAA18831C7F0028FF86;
					};
				};
			};
			buildConfigurationList = 09109EA618831C7F0028FF86 /* Build configuration list for PBXProject "ClassWire" */;
			compatibilityVersion = "Xcode 3.2";
			developmentRegion = English;
			hasScannedForEncodings = 0;
			knownRegions = (
				en,
			);
			mainGroup = 09109EA218831C7F0028FF86;
			productRefGroup = 09109EAC18831C7F0028FF86 /* Products */;
			projectDirPath = "";
			projectRoot = "";
			targets = (
				09109EAA18831C7F0028FF86 /* ClassWire */,
				09109EC518831C7F0028FF86 /* ClassWireTests */,
			);
		};
/* End PBXProject section */

/* Begin PBXResourcesBuildPhase section */
		09109EA918831C7F0028FF86 /* Resources */ = {
			isa = PBXResourcesBuildPhase;
			buildActionMask = 2147483647;
			files = (
				FA7476AF1884A2D6005EA187 /* LoginViewController.xib in Resources */,
				FA7476B91884A2D6005EA187 /* NotificationsViewController.xib in Resources */,
				FA7476B71884A2D6005EA187 /* NewsFeedViewController.xib in Resources */,
				FA7476B51884A2D6005EA187 /* MoreViewController.xib in Resources */,
				FA7476AB1884A2D6005EA187 /* CoursesViewController.xib in Resources */,
				09109EB918831C7F0028FF86 /* InfoPlist.strings in Resources */,
				FA7476B31884A2D6005EA187 /* MessagesViewController.xib in Resources */,
				09109EC118831C7F0028FF86 /* Images.xcassets in Resources */,
				FA7476B11884A2D6005EA187 /* SignUpViewController.xib in Resources */,
			);
			runOnlyForDeploymentPostprocessing = 0;
		};
		09109EC418831C7F0028FF86 /* Resources */ = {
			isa = PBXResourcesBuildPhase;
			buildActionMask = 2147483647;
			files = (
				09109ED218831C7F0028FF86 /* InfoPlist.strings in Resources */,
			);
			runOnlyForDeploymentPostprocessing = 0;
		};
/* End PBXResourcesBuildPhase section */

/* Begin PBXSourcesBuildPhase section */
		09109EA718831C7F0028FF86 /* Sources */ = {
			isa = PBXSourcesBuildPhase;
			buildActionMask = 2147483647;
			files = (
				09109EF3188331C70028FF86 /* ErrorHandle.m in Sources */,
				FA7476AA1884A2D6005EA187 /* CoursesViewController.m in Sources */,
				FA7476B81884A2D6005EA187 /* NotificationsViewController.m in Sources */,
				FA7476B21884A2D6005EA187 /* MessagesViewController.m in Sources */,
				FA7476B61884A2D6005EA187 /* NewsFeedViewController.m in Sources */,
				FA7476AE1884A2D6005EA187 /* LoginViewController.m in Sources */,
				FA7476B41884A2D6005EA187 /* MoreViewController.m in Sources */,
				09109EBF18831C7F0028FF86 /* AppDelegate.m in Sources */,
				FA7476B01884A2D6005EA187 /* SignUpViewController.m in Sources */,
				09109EBB18831C7F0028FF86 /* main.m in Sources */,
			);
			runOnlyForDeploymentPostprocessing = 0;
		};
		09109EC218831C7F0028FF86 /* Sources */ = {
			isa = PBXSourcesBuildPhase;
			buildActionMask = 2147483647;
			files = (
				09109ED418831C7F0028FF86 /* ClassWireTests.m in Sources */,
			);
			runOnlyForDeploymentPostprocessing = 0;
		};
/* End PBXSourcesBuildPhase section */

/* Begin PBXTargetDependency section */
		09109ECC18831C7F0028FF86 /* PBXTargetDependency */ = {
			isa = PBXTargetDependency;
			target = 09109EAA18831C7F0028FF86 /* ClassWire */;
			targetProxy = 09109ECB18831C7F0028FF86 /* PBXContainerItemProxy */;
		};
/* End PBXTargetDependency section */

/* Begin PBXVariantGroup section */
		09109EB718831C7F0028FF86 /* InfoPlist.strings */ = {
			isa = PBXVariantGroup;
			children = (
				09109EB818831C7F0028FF86 /* en */,
			);
			name = InfoPlist.strings;
			sourceTree = "<group>";
		};
		09109ED018831C7F0028FF86 /* InfoPlist.strings */ = {
			isa = PBXVariantGroup;
			children = (
				09109ED118831C7F0028FF86 /* en */,
			);
			name = InfoPlist.strings;
			sourceTree = "<group>";
		};
/* End PBXVariantGroup section */

/* Begin XCBuildConfiguration section */
		09109ED518831C7F0028FF86 /* Debug */ = {
			isa = XCBuildConfiguration;
			buildSettings = {
				ALWAYS_SEARCH_USER_PATHS = NO;
				ARCHS = "$(ARCHS_STANDARD_INCLUDING_64_BIT)";
				CLANG_CXX_LANGUAGE_STANDARD = "gnu++0x";
				CLANG_CXX_LIBRARY = "libc++";
				CLANG_ENABLE_MODULES = YES;
				CLANG_ENABLE_OBJC_ARC = YES;
				CLANG_WARN_BOOL_CONVERSION = YES;
				CLANG_WARN_CONSTANT_CONVERSION = YES;
				CLANG_WARN_DIRECT_OBJC_ISA_USAGE = YES_ERROR;
				CLANG_WARN_EMPTY_BODY = YES;
				CLANG_WARN_ENUM_CONVERSION = YES;
				CLANG_WARN_INT_CONVERSION = YES;
				CLANG_WARN_OBJC_ROOT_CLASS = YES_ERROR;
				CLANG_WARN__DUPLICATE_METHOD_MATCH = YES;
				"CODE_SIGN_IDENTITY[sdk=iphoneos*]" = "iPhone Developer";
				COPY_PHASE_STRIP = NO;
				GCC_C_LANGUAGE_STANDARD = gnu99;
				GCC_DYNAMIC_NO_PIC = NO;
				GCC_OPTIMIZATION_LEVEL = 0;
				GCC_PREPROCESSOR_DEFINITIONS = (
					"DEBUG=1",
					"$(inherited)",
				);
				GCC_SYMBOLS_PRIVATE_EXTERN = NO;
				GCC_WARN_64_TO_32_BIT_CONVERSION = YES;
				GCC_WARN_ABOUT_RETURN_TYPE = YES_ERROR;
				GCC_WARN_UNDECLARED_SELECTOR = YES;
				GCC_WARN_UNINITIALIZED_AUTOS = YES;
				GCC_WARN_UNUSED_FUNCTION = YES;
				GCC_WARN_UNUSED_VARIABLE = YES;
				IPHONEOS_DEPLOYMENT_TARGET = 7.0;
				ONLY_ACTIVE_ARCH = YES;
				SDKROOT = iphoneos;
			};
			name = Debug;
		};
		09109ED618831C7F0028FF86 /* Release */ = {
			isa = XCBuildConfiguration;
			buildSettings = {
				ALWAYS_SEARCH_USER_PATHS = NO;
				ARCHS = "$(ARCHS_STANDARD_INCLUDING_64_BIT)";
				CLANG_CXX_LANGUAGE_STANDARD = "gnu++0x";
				CLANG_CXX_LIBRARY = "libc++";
				CLANG_ENABLE_MODULES = YES;
				CLANG_ENABLE_OBJC_ARC = YES;
				CLANG_WARN_BOOL_CONVERSION = YES;
				CLANG_WARN_CONSTANT_CONVERSION = YES;
				CLANG_WARN_DIRECT_OBJC_ISA_USAGE = YES_ERROR;
				CLANG_WARN_EMPTY_BODY = YES;
				CLANG_WARN_ENUM_CONVERSION = YES;
				CLANG_WARN_INT_CONVERSION = YES;
				CLANG_WARN_OBJC_ROOT_CLASS = YES_ERROR;
				CLANG_WARN__DUPLICATE_METHOD_MATCH = YES;
				"CODE_SIGN_IDENTITY[sdk=iphoneos*]" = "iPhone Developer";
				COPY_PHASE_STRIP = YES;
				ENABLE_NS_ASSERTIONS = NO;
				GCC_C_LANGUAGE_STANDARD = gnu99;
				GCC_WARN_64_TO_32_BIT_CONVERSION = YES;
				GCC_WARN_ABOUT_RETURN_TYPE = YES_ERROR;
				GCC_WARN_UNDECLARED_SELECTOR = YES;
				GCC_WARN_UNINITIALIZED_AUTOS = YES;
				GCC_WARN_UNUSED_FUNCTION = YES;
				GCC_WARN_UNUSED_VARIABLE = YES;
				IPHONEOS_DEPLOYMENT_TARGET = 7.0;
				SDKROOT = iphoneos;
				VALIDATE_PRODUCT = YES;
			};
			name = Release;
		};
		09109ED818831C7F0028FF86 /* Debug */ = {
			isa = XCBuildConfiguration;
			buildSettings = {
				ASSETCATALOG_COMPILER_APPICON_NAME = AppIcon;
				ASSETCATALOG_COMPILER_LAUNCHIMAGE_NAME = LaunchImage;
				GCC_PRECOMPILE_PREFIX_HEADER = YES;
				GCC_PREFIX_HEADER = "ClassWire/ClassWire-Prefix.pch";
				INFOPLIST_FILE = "ClassWire/ClassWire-Info.plist";
				PRODUCT_NAME = "$(TARGET_NAME)";
				WRAPPER_EXTENSION = app;
			};
			name = Debug;
		};
		09109ED918831C7F0028FF86 /* Release */ = {
			isa = XCBuildConfiguration;
			buildSettings = {
				ASSETCATALOG_COMPILER_APPICON_NAME = AppIcon;
				ASSETCATALOG_COMPILER_LAUNCHIMAGE_NAME = LaunchImage;
				GCC_PRECOMPILE_PREFIX_HEADER = YES;
				GCC_PREFIX_HEADER = "ClassWire/ClassWire-Prefix.pch";
				INFOPLIST_FILE = "ClassWire/ClassWire-Info.plist";
				PRODUCT_NAME = "$(TARGET_NAME)";
				WRAPPER_EXTENSION = app;
			};
			name = Release;
		};
		09109EDB18831C7F0028FF86 /* Debug */ = {
			isa = XCBuildConfiguration;
			buildSettings = {
				ARCHS = "$(ARCHS_STANDARD_INCLUDING_64_BIT)";
				BUNDLE_LOADER = "$(BUILT_PRODUCTS_DIR)/ClassWire.app/ClassWire";
				FRAMEWORK_SEARCH_PATHS = (
					"$(SDKROOT)/Developer/Library/Frameworks",
					"$(inherited)",
					"$(DEVELOPER_FRAMEWORKS_DIR)",
				);
				GCC_PRECOMPILE_PREFIX_HEADER = YES;
				GCC_PREFIX_HEADER = "ClassWire/ClassWire-Prefix.pch";
				GCC_PREPROCESSOR_DEFINITIONS = (
					"DEBUG=1",
					"$(inherited)",
				);
				INFOPLIST_FILE = "ClassWireTests/ClassWireTests-Info.plist";
				PRODUCT_NAME = "$(TARGET_NAME)";
				TEST_HOST = "$(BUNDLE_LOADER)";
				WRAPPER_EXTENSION = xctest;
			};
			name = Debug;
		};
		09109EDC18831C7F0028FF86 /* Release */ = {
			isa = XCBuildConfiguration;
			buildSettings = {
				ARCHS = "$(ARCHS_STANDARD_INCLUDING_64_BIT)";
				BUNDLE_LOADER = "$(BUILT_PRODUCTS_DIR)/ClassWire.app/ClassWire";
				FRAMEWORK_SEARCH_PATHS = (
					"$(SDKROOT)/Developer/Library/Frameworks",
					"$(inherited)",
					"$(DEVELOPER_FRAMEWORKS_DIR)",
				);
				GCC_PRECOMPILE_PREFIX_HEADER = YES;
				GCC_PREFIX_HEADER = "ClassWire/ClassWire-Prefix.pch";
				INFOPLIST_FILE = "ClassWireTests/ClassWireTests-Info.plist";
				PRODUCT_NAME = "$(TARGET_NAME)";
				TEST_HOST = "$(BUNDLE_LOADER)";
				WRAPPER_EXTENSION = xctest;
			};
			name = Release;
		};
/* End XCBuildConfiguration section */

/* Begin XCConfigurationList section */
		09109EA618831C7F0028FF86 /* Build configuration list for PBXProject "ClassWire" */ = {
			isa = XCConfigurationList;
			buildConfigurations = (
				09109ED518831C7F0028FF86 /* Debug */,
				09109ED618831C7F0028FF86 /* Release */,
			);
			defaultConfigurationIsVisible = 0;
			defaultConfigurationName = Release;
		};
		09109ED718831C7F0028FF86 /* Build configuration list for PBXNativeTarget "ClassWire" */ = {
			isa = XCConfigurationList;
			buildConfigurations = (
				09109ED818831C7F0028FF86 /* Debug */,
				09109ED918831C7F0028FF86 /* Release */,
			);
			defaultConfigurationIsVisible = 0;
			defaultConfigurationName = Release;
		};
		09109EDA18831C7F0028FF86 /* Build configuration list for PBXNativeTarget "ClassWireTests" */ = {
			isa = XCConfigurationList;
			buildConfigurations = (
				09109EDB18831C7F0028FF86 /* Debug */,
				09109EDC18831C7F0028FF86 /* Release */,
			);
			defaultConfigurationIsVisible = 0;
			defaultConfigurationName = Release;
		};
/* End XCConfigurationList section */
	};
	rootObject = 09109EA318831C7F0028FF86 /* Project object */;
}
